
Microsoft Visual Studio Solution File, Format Version 12.00
# Visual Studio 2013
VisualStudioVersion = 12.0.31101.0
MinimumVisualStudioVersion = 10.0.40219.1
Project("{FAE04EC0-301F-11D3-BF4B-00C04F79EFBC}") = "CardSharkWebApp", "CardSharkWebApp\CardSharkWebApp.csproj", "{6795D655-2D91-47D9-8607-B4B957219196}"
EndProject
Project("{FAE04EC0-301F-11D3-BF4B-00C04F79EFBC}") = "CardSharkWebApp.Tests", "CardSharkWebApp.Tests\CardSharkWebApp.Tests.csproj", "{D3950B14-0D9D-4FF9-9E2C-4764BBBA62F4}"
EndProject
Global
	GlobalSection(SolutionConfigurationPlatforms) = preSolution
		Debug|Any CPU = Debug|Any CPU
		Release|Any CPU = Release|Any CPU
	EndGlobalSection
	GlobalSection(ProjectConfigurationPlatforms) = postSolution
		{6795D655-2D91-47D9-8607-B4B957219196}.Debug|Any CPU.ActiveCfg = Debug|Any CPU
		{6795D655-2D91-47D9-8607-B4B957219196}.Debug|Any CPU.Build.0 = Debug|Any CPU
		{6795D655-2D91-47D9-8607-B4B957219196}.Release|Any CPU.ActiveCfg = Release|Any CPU
		{6795D655-2D91-47D9-8607-B4B957219196}.Release|Any CPU.Build.0 = Release|Any CPU
		{D3950B14-0D9D-4FF9-9E2C-4764BBBA62F4}.Debug|Any CPU.ActiveCfg = Debug|Any CPU
		{D3950B14-0D9D-4FF9-9E2C-4764BBBA62F4}.Debug|Any CPU.Build.0 = Debug|Any CPU
		{D3950B14-0D9D-4FF9-9E2C-4764BBBA62F4}.Release|Any CPU.ActiveCfg = Release|Any CPU
		{D3950B14-0D9D-4FF9-9E2C-4764BBBA62F4}.Release|Any CPU.Build.0 = Release|Any CPU
	EndGlobalSection
	GlobalSection(SolutionProperties) = preSolution
		HideSolutionNode = FALSE
	EndGlobalSection
EndGlobal
